// !$*UTF8*$!
{
	archiveVersion = 1;
	classes = {
	};
	objectVersion = 51;
	objects = {

/* Begin PBXBuildFile section */
		0907169C49BD2025FBC3B88C /* Pods_DatingMessengersTests.framework in Frameworks */ = {isa = PBXBuildFile; fileRef = D3671E00DBDB81136569DCF9 /* Pods_DatingMessengersTests.framework */; };
		7200C4952365390C00BA96B7 /* LoacationDomain.swift in Sources */ = {isa = PBXBuildFile; fileRef = 7200C4942365390C00BA96B7 /* LoacationDomain.swift */; };
		720C27662363001800BBE05B /* AppDelegate.swift in Sources */ = {isa = PBXBuildFile; fileRef = 720C27652363001800BBE05B /* AppDelegate.swift */; };
		720C276F2363001B00BBE05B /* Assets.xcassets in Resources */ = {isa = PBXBuildFile; fileRef = 720C276E2363001B00BBE05B /* Assets.xcassets */; };
		720C27722363001B00BBE05B /* LaunchScreen.storyboard in Resources */ = {isa = PBXBuildFile; fileRef = 720C27702363001B00BBE05B /* LaunchScreen.storyboard */; };
		720C277D2363001C00BBE05B /* DatingMessengersTests.swift in Sources */ = {isa = PBXBuildFile; fileRef = 720C277C2363001C00BBE05B /* DatingMessengersTests.swift */; };
		720C27882363001C00BBE05B /* DatingMessengersUITests.swift in Sources */ = {isa = PBXBuildFile; fileRef = 720C27872363001C00BBE05B /* DatingMessengersUITests.swift */; };
		720C27972363012B00BBE05B /* WelcomeViewController.swift in Sources */ = {isa = PBXBuildFile; fileRef = 720C27952363012B00BBE05B /* WelcomeViewController.swift */; };
		720C27982363012B00BBE05B /* WelcomeViewController.xib in Resources */ = {isa = PBXBuildFile; fileRef = 720C27962363012B00BBE05B /* WelcomeViewController.xib */; };
		720E736C236822E8009092A9 /* RealmManager.swift in Sources */ = {isa = PBXBuildFile; fileRef = 720E736B236822E8009092A9 /* RealmManager.swift */; };
		72428B7E2366F3AC00460607 /* ScheduleResult.swift in Sources */ = {isa = PBXBuildFile; fileRef = 72428B7D2366F3AC00460607 /* ScheduleResult.swift */; };
		72A47E1B236351D400F807C8 /* TabbarViewController.swift in Sources */ = {isa = PBXBuildFile; fileRef = 72A47E19236351D400F807C8 /* TabbarViewController.swift */; };
		72A47E1C236351D400F807C8 /* TabbarViewController.xib in Resources */ = {isa = PBXBuildFile; fileRef = 72A47E1A236351D400F807C8 /* TabbarViewController.xib */; };
		72A47E2B236352C400F807C8 /* MessagesViewController.swift in Sources */ = {isa = PBXBuildFile; fileRef = 72A47E29236352C400F807C8 /* MessagesViewController.swift */; };
		72A47E2C236352C400F807C8 /* MessagesViewController.xib in Resources */ = {isa = PBXBuildFile; fileRef = 72A47E2A236352C400F807C8 /* MessagesViewController.xib */; };
		72A47E332363530800F807C8 /* SchedulesViewController.swift in Sources */ = {isa = PBXBuildFile; fileRef = 72A47E312363530800F807C8 /* SchedulesViewController.swift */; };
		72A47E342363530800F807C8 /* SchedulesViewController.xib in Resources */ = {isa = PBXBuildFile; fileRef = 72A47E322363530800F807C8 /* SchedulesViewController.xib */; };
		72A47E372363538500F807C8 /* PersonalViewController.swift in Sources */ = {isa = PBXBuildFile; fileRef = 72A47E352363538500F807C8 /* PersonalViewController.swift */; };
		72A47E382363538500F807C8 /* PersonalViewController.xib in Resources */ = {isa = PBXBuildFile; fileRef = 72A47E362363538500F807C8 /* PersonalViewController.xib */; };
		72AF069A23643BE2006EFC5C /* ScheduleCellViewModel.swift in Sources */ = {isa = PBXBuildFile; fileRef = 72AF069923643BE2006EFC5C /* ScheduleCellViewModel.swift */; };
		72AF069E23645847006EFC5C /* ResponseData.swift in Sources */ = {isa = PBXBuildFile; fileRef = 72AF069D23645847006EFC5C /* ResponseData.swift */; };
		72AF06A223647228006EFC5C /* RequestData.swift in Sources */ = {isa = PBXBuildFile; fileRef = 72AF06A123647228006EFC5C /* RequestData.swift */; };
		72CD767E236335C90066DEA9 /* App.swift in Sources */ = {isa = PBXBuildFile; fileRef = 72CD767D236335C90066DEA9 /* App.swift */; };
		72CD7680236335E20066DEA9 /* String.swift in Sources */ = {isa = PBXBuildFile; fileRef = 72CD767F236335E20066DEA9 /* String.swift */; };
		72CD7682236335EE0066DEA9 /* Color.swift in Sources */ = {isa = PBXBuildFile; fileRef = 72CD7681236335EE0066DEA9 /* Color.swift */; };
		72CD7684236336140066DEA9 /* Font.swift in Sources */ = {isa = PBXBuildFile; fileRef = 72CD7683236336140066DEA9 /* Font.swift */; };
		72CD76882363364F0066DEA9 /* Api.swift in Sources */ = {isa = PBXBuildFile; fileRef = 72CD76872363364F0066DEA9 /* Api.swift */; };
		72CD768A2363365D0066DEA9 /* ApiManager.swift in Sources */ = {isa = PBXBuildFile; fileRef = 72CD76892363365D0066DEA9 /* ApiManager.swift */; };
		72CD768C2363367B0066DEA9 /* Error.swift in Sources */ = {isa = PBXBuildFile; fileRef = 72CD768B2363367B0066DEA9 /* Error.swift */; };
		72CD768E236336970066DEA9 /* RequestSerializer.swift in Sources */ = {isa = PBXBuildFile; fileRef = 72CD768D236336970066DEA9 /* RequestSerializer.swift */; };
		72CD7690236336AD0066DEA9 /* ResponseSerializer.swift in Sources */ = {isa = PBXBuildFile; fileRef = 72CD768F236336AD0066DEA9 /* ResponseSerializer.swift */; };
		72CD76942363370A0066DEA9 /* InputViewExt.swift in Sources */ = {isa = PBXBuildFile; fileRef = 72CD76932363370A0066DEA9 /* InputViewExt.swift */; };
		72CD76962363371A0066DEA9 /* MapperExt.swift in Sources */ = {isa = PBXBuildFile; fileRef = 72CD76952363371A0066DEA9 /* MapperExt.swift */; };
		72CD7698236337300066DEA9 /* StringExt.swift in Sources */ = {isa = PBXBuildFile; fileRef = 72CD7697236337300066DEA9 /* StringExt.swift */; };
		72CD769A236337450066DEA9 /* UIViewControllerExt.swift in Sources */ = {isa = PBXBuildFile; fileRef = 72CD7699236337450066DEA9 /* UIViewControllerExt.swift */; };
		72CD76B123633B560066DEA9 /* TableCell.swift in Sources */ = {isa = PBXBuildFile; fileRef = 72CD76B023633B560066DEA9 /* TableCell.swift */; };
		72CD76B323633B860066DEA9 /* CollectionCell.swift in Sources */ = {isa = PBXBuildFile; fileRef = 72CD76B223633B860066DEA9 /* CollectionCell.swift */; };
		72CD76B523633BA70066DEA9 /* Button.swift in Sources */ = {isa = PBXBuildFile; fileRef = 72CD76B423633BA70066DEA9 /* Button.swift */; };
		72CD76B723633BCA0066DEA9 /* ViewController.swift in Sources */ = {isa = PBXBuildFile; fileRef = 72CD76B623633BCA0066DEA9 /* ViewController.swift */; };
		72CD76B9236348660066DEA9 /* Api.Messages.swift in Sources */ = {isa = PBXBuildFile; fileRef = 72CD76B8236348660066DEA9 /* Api.Messages.swift */; };
		72CD76BB2363488A0066DEA9 /* Api.Schedules.swift in Sources */ = {isa = PBXBuildFile; fileRef = 72CD76BA2363488A0066DEA9 /* Api.Schedules.swift */; };
		72CD76BD236348980066DEA9 /* Api.Contacts.swift in Sources */ = {isa = PBXBuildFile; fileRef = 72CD76BC236348980066DEA9 /* Api.Contacts.swift */; };
		72CD76BF236348AC0066DEA9 /* Api.Maps.swift in Sources */ = {isa = PBXBuildFile; fileRef = 72CD76BE236348AC0066DEA9 /* Api.Maps.swift */; };
		72CD76C1236348B90066DEA9 /* Api.Personally.swift in Sources */ = {isa = PBXBuildFile; fileRef = 72CD76C0236348B90066DEA9 /* Api.Personally.swift */; };
		72CD76C323634C3B0066DEA9 /* Default-568h@2x.png in Resources */ = {isa = PBXBuildFile; fileRef = 72CD76C223634C3B0066DEA9 /* Default-568h@2x.png */; };
		72F6448D23635D5B00F8B538 /* SchedulesViewModel.swift in Sources */ = {isa = PBXBuildFile; fileRef = 72F6448C23635D5B00F8B538 /* SchedulesViewModel.swift */; };
		72F6448F23635F3400F8B538 /* ScheduleDomain.swift in Sources */ = {isa = PBXBuildFile; fileRef = 72F6448E23635F3400F8B538 /* ScheduleDomain.swift */; };
		72F6449123635FF100F8B538 /* Helper.swift in Sources */ = {isa = PBXBuildFile; fileRef = 72F6449023635FF100F8B538 /* Helper.swift */; };
		72FDE77323674AA70011CBD8 /* ContactViewCell.swift in Sources */ = {isa = PBXBuildFile; fileRef = 72FDE77023674AA70011CBD8 /* ContactViewCell.swift */; };
		72FDE77423674AA70011CBD8 /* userImage.png in Resources */ = {isa = PBXBuildFile; fileRef = 72FDE77123674AA70011CBD8 /* userImage.png */; };
		72FDE77523674AA70011CBD8 /* ContactViewCell.xib in Resources */ = {isa = PBXBuildFile; fileRef = 72FDE77223674AA70011CBD8 /* ContactViewCell.xib */; };
		72FDE77A23674AC90011CBD8 /* ContactsViewController.swift in Sources */ = {isa = PBXBuildFile; fileRef = 72FDE77623674AC90011CBD8 /* ContactsViewController.swift */; };
		72FDE77B23674AC90011CBD8 /* ContactsViewController.xib in Resources */ = {isa = PBXBuildFile; fileRef = 72FDE77723674AC90011CBD8 /* ContactsViewController.xib */; };
		72FDE783236755CF0011CBD8 /* ContactsViewModel.swift in Sources */ = {isa = PBXBuildFile; fileRef = 72FDE782236755CF0011CBD8 /* ContactsViewModel.swift */; };
		72FDE785236755F80011CBD8 /* ContactDomain.swift in Sources */ = {isa = PBXBuildFile; fileRef = 72FDE784236755F80011CBD8 /* ContactDomain.swift */; };
		72FDE787236758F10011CBD8 /* ContactCellViewModel.swift in Sources */ = {isa = PBXBuildFile; fileRef = 72FDE786236758F10011CBD8 /* ContactCellViewModel.swift */; };
		D6EE8620E86D7F84BB78859A /* Pods_DatingMessengers.framework in Frameworks */ = {isa = PBXBuildFile; fileRef = FCD2909C650513FFE16A12EE /* Pods_DatingMessengers.framework */; };
		E691B10D9376D906B872B2AD /* Pods_DatingMessengers_DatingMessengersUITests.framework in Frameworks */ = {isa = PBXBuildFile; fileRef = 09A04B668F4736F42F95ECF0 /* Pods_DatingMessengers_DatingMessengersUITests.framework */; };
/* End PBXBuildFile section */

/* Begin PBXContainerItemProxy section */
		720C27792363001C00BBE05B /* PBXContainerItemProxy */ = {
			isa = PBXContainerItemProxy;
			containerPortal = 720C275A2363001700BBE05B /* Project object */;
			proxyType = 1;
			remoteGlobalIDString = 720C27612363001800BBE05B;
			remoteInfo = DatingMessengers;
		};
		720C27842363001C00BBE05B /* PBXContainerItemProxy */ = {
			isa = PBXContainerItemProxy;
			containerPortal = 720C275A2363001700BBE05B /* Project object */;
			proxyType = 1;
			remoteGlobalIDString = 720C27612363001800BBE05B;
			remoteInfo = DatingMessengers;
		};
/* End PBXContainerItemProxy section */

/* Begin PBXFileReference section */
		04B0ABD9054DD86920FB5A3E /* Pods-DatingMessengers-DatingMessengersUITests.debug.xcconfig */ = {isa = PBXFileReference; includeInIndex = 1; lastKnownFileType = text.xcconfig; name = "Pods-DatingMessengers-DatingMessengersUITests.debug.xcconfig"; path = "Target Support Files/Pods-DatingMessengers-DatingMessengersUITests/Pods-DatingMessengers-DatingMessengersUITests.debug.xcconfig"; sourceTree = "<group>"; };
		09A04B668F4736F42F95ECF0 /* Pods_DatingMessengers_DatingMessengersUITests.framework */ = {isa = PBXFileReference; explicitFileType = wrapper.framework; includeInIndex = 0; path = Pods_DatingMessengers_DatingMessengersUITests.framework; sourceTree = BUILT_PRODUCTS_DIR; };
		18CF5FE90EB5A57CD192AFB2 /* Pods-DatingMessengers.debug.xcconfig */ = {isa = PBXFileReference; includeInIndex = 1; lastKnownFileType = text.xcconfig; name = "Pods-DatingMessengers.debug.xcconfig"; path = "Target Support Files/Pods-DatingMessengers/Pods-DatingMessengers.debug.xcconfig"; sourceTree = "<group>"; };
		717D6BA950ED83CB841E5821 /* Pods-DatingMessengers.release.xcconfig */ = {isa = PBXFileReference; includeInIndex = 1; lastKnownFileType = text.xcconfig; name = "Pods-DatingMessengers.release.xcconfig"; path = "Target Support Files/Pods-DatingMessengers/Pods-DatingMessengers.release.xcconfig"; sourceTree = "<group>"; };
		7200C4942365390C00BA96B7 /* LoacationDomain.swift */ = {isa = PBXFileReference; lastKnownFileType = sourcecode.swift; path = LoacationDomain.swift; sourceTree = "<group>"; };
		720C27622363001800BBE05B /* DatingMessengers.app */ = {isa = PBXFileReference; explicitFileType = wrapper.application; includeInIndex = 0; path = DatingMessengers.app; sourceTree = BUILT_PRODUCTS_DIR; };
		720C27652363001800BBE05B /* AppDelegate.swift */ = {isa = PBXFileReference; lastKnownFileType = sourcecode.swift; path = AppDelegate.swift; sourceTree = "<group>"; };
		720C276E2363001B00BBE05B /* Assets.xcassets */ = {isa = PBXFileReference; lastKnownFileType = folder.assetcatalog; path = Assets.xcassets; sourceTree = "<group>"; };
		720C27712363001B00BBE05B /* Base */ = {isa = PBXFileReference; lastKnownFileType = file.storyboard; name = Base; path = Base.lproj/LaunchScreen.storyboard; sourceTree = "<group>"; };
		720C27732363001B00BBE05B /* Info.plist */ = {isa = PBXFileReference; lastKnownFileType = text.plist.xml; path = Info.plist; sourceTree = "<group>"; };
		720C27782363001C00BBE05B /* DatingMessengersTests.xctest */ = {isa = PBXFileReference; explicitFileType = wrapper.cfbundle; includeInIndex = 0; path = DatingMessengersTests.xctest; sourceTree = BUILT_PRODUCTS_DIR; };
		720C277C2363001C00BBE05B /* DatingMessengersTests.swift */ = {isa = PBXFileReference; lastKnownFileType = sourcecode.swift; path = DatingMessengersTests.swift; sourceTree = "<group>"; };
		720C277E2363001C00BBE05B /* Info.plist */ = {isa = PBXFileReference; lastKnownFileType = text.plist.xml; path = Info.plist; sourceTree = "<group>"; };
		720C27832363001C00BBE05B /* DatingMessengersUITests.xctest */ = {isa = PBXFileReference; explicitFileType = wrapper.cfbundle; includeInIndex = 0; path = DatingMessengersUITests.xctest; sourceTree = BUILT_PRODUCTS_DIR; };
		720C27872363001C00BBE05B /* DatingMessengersUITests.swift */ = {isa = PBXFileReference; lastKnownFileType = sourcecode.swift; path = DatingMessengersUITests.swift; sourceTree = "<group>"; };
		720C27892363001C00BBE05B /* Info.plist */ = {isa = PBXFileReference; lastKnownFileType = text.plist.xml; path = Info.plist; sourceTree = "<group>"; };
		720C27952363012B00BBE05B /* WelcomeViewController.swift */ = {isa = PBXFileReference; lastKnownFileType = sourcecode.swift; path = WelcomeViewController.swift; sourceTree = "<group>"; };
		720C27962363012B00BBE05B /* WelcomeViewController.xib */ = {isa = PBXFileReference; lastKnownFileType = file.xib; path = WelcomeViewController.xib; sourceTree = "<group>"; };
		720E736B236822E8009092A9 /* RealmManager.swift */ = {isa = PBXFileReference; lastKnownFileType = sourcecode.swift; path = RealmManager.swift; sourceTree = "<group>"; };
		72428B7D2366F3AC00460607 /* ScheduleResult.swift */ = {isa = PBXFileReference; lastKnownFileType = sourcecode.swift; path = ScheduleResult.swift; sourceTree = "<group>"; };
		72A47E19236351D400F807C8 /* TabbarViewController.swift */ = {isa = PBXFileReference; fileEncoding = 4; lastKnownFileType = sourcecode.swift; path = TabbarViewController.swift; sourceTree = "<group>"; };
		72A47E1A236351D400F807C8 /* TabbarViewController.xib */ = {isa = PBXFileReference; fileEncoding = 4; lastKnownFileType = file.xib; path = TabbarViewController.xib; sourceTree = "<group>"; };
		72A47E29236352C400F807C8 /* MessagesViewController.swift */ = {isa = PBXFileReference; lastKnownFileType = sourcecode.swift; path = MessagesViewController.swift; sourceTree = "<group>"; };
		72A47E2A236352C400F807C8 /* MessagesViewController.xib */ = {isa = PBXFileReference; lastKnownFileType = file.xib; path = MessagesViewController.xib; sourceTree = "<group>"; };
		72A47E312363530800F807C8 /* SchedulesViewController.swift */ = {isa = PBXFileReference; lastKnownFileType = sourcecode.swift; path = SchedulesViewController.swift; sourceTree = "<group>"; };
		72A47E322363530800F807C8 /* SchedulesViewController.xib */ = {isa = PBXFileReference; lastKnownFileType = file.xib; path = SchedulesViewController.xib; sourceTree = "<group>"; };
		72A47E352363538500F807C8 /* PersonalViewController.swift */ = {isa = PBXFileReference; lastKnownFileType = sourcecode.swift; path = PersonalViewController.swift; sourceTree = "<group>"; };
		72A47E362363538500F807C8 /* PersonalViewController.xib */ = {isa = PBXFileReference; lastKnownFileType = file.xib; path = PersonalViewController.xib; sourceTree = "<group>"; };
		72AF069923643BE2006EFC5C /* ScheduleCellViewModel.swift */ = {isa = PBXFileReference; lastKnownFileType = sourcecode.swift; path = ScheduleCellViewModel.swift; sourceTree = "<group>"; };
		72AF069D23645847006EFC5C /* ResponseData.swift */ = {isa = PBXFileReference; lastKnownFileType = sourcecode.swift; path = ResponseData.swift; sourceTree = "<group>"; };
		72AF06A123647228006EFC5C /* RequestData.swift */ = {isa = PBXFileReference; lastKnownFileType = sourcecode.swift; path = RequestData.swift; sourceTree = "<group>"; };
		72CD767D236335C90066DEA9 /* App.swift */ = {isa = PBXFileReference; lastKnownFileType = sourcecode.swift; path = App.swift; sourceTree = "<group>"; };
		72CD767F236335E20066DEA9 /* String.swift */ = {isa = PBXFileReference; lastKnownFileType = sourcecode.swift; path = String.swift; sourceTree = "<group>"; };
		72CD7681236335EE0066DEA9 /* Color.swift */ = {isa = PBXFileReference; lastKnownFileType = sourcecode.swift; path = Color.swift; sourceTree = "<group>"; };
		72CD7683236336140066DEA9 /* Font.swift */ = {isa = PBXFileReference; lastKnownFileType = sourcecode.swift; path = Font.swift; sourceTree = "<group>"; };
		72CD76872363364F0066DEA9 /* Api.swift */ = {isa = PBXFileReference; lastKnownFileType = sourcecode.swift; path = Api.swift; sourceTree = "<group>"; };
		72CD76892363365D0066DEA9 /* ApiManager.swift */ = {isa = PBXFileReference; lastKnownFileType = sourcecode.swift; path = ApiManager.swift; sourceTree = "<group>"; };
		72CD768B2363367B0066DEA9 /* Error.swift */ = {isa = PBXFileReference; lastKnownFileType = sourcecode.swift; path = Error.swift; sourceTree = "<group>"; };
		72CD768D236336970066DEA9 /* RequestSerializer.swift */ = {isa = PBXFileReference; lastKnownFileType = sourcecode.swift; path = RequestSerializer.swift; sourceTree = "<group>"; };
		72CD768F236336AD0066DEA9 /* ResponseSerializer.swift */ = {isa = PBXFileReference; lastKnownFileType = sourcecode.swift; path = ResponseSerializer.swift; sourceTree = "<group>"; };
		72CD76932363370A0066DEA9 /* InputViewExt.swift */ = {isa = PBXFileReference; lastKnownFileType = sourcecode.swift; path = InputViewExt.swift; sourceTree = "<group>"; };
		72CD76952363371A0066DEA9 /* MapperExt.swift */ = {isa = PBXFileReference; lastKnownFileType = sourcecode.swift; path = MapperExt.swift; sourceTree = "<group>"; };
		72CD7697236337300066DEA9 /* StringExt.swift */ = {isa = PBXFileReference; lastKnownFileType = sourcecode.swift; path = StringExt.swift; sourceTree = "<group>"; };
		72CD7699236337450066DEA9 /* UIViewControllerExt.swift */ = {isa = PBXFileReference; lastKnownFileType = sourcecode.swift; path = UIViewControllerExt.swift; sourceTree = "<group>"; };
		72CD76B023633B560066DEA9 /* TableCell.swift */ = {isa = PBXFileReference; lastKnownFileType = sourcecode.swift; path = TableCell.swift; sourceTree = "<group>"; };
		72CD76B223633B860066DEA9 /* CollectionCell.swift */ = {isa = PBXFileReference; lastKnownFileType = sourcecode.swift; path = CollectionCell.swift; sourceTree = "<group>"; };
		72CD76B423633BA70066DEA9 /* Button.swift */ = {isa = PBXFileReference; lastKnownFileType = sourcecode.swift; path = Button.swift; sourceTree = "<group>"; };
		72CD76B623633BCA0066DEA9 /* ViewController.swift */ = {isa = PBXFileReference; lastKnownFileType = sourcecode.swift; path = ViewController.swift; sourceTree = "<group>"; };
		72CD76B8236348660066DEA9 /* Api.Messages.swift */ = {isa = PBXFileReference; lastKnownFileType = sourcecode.swift; path = Api.Messages.swift; sourceTree = "<group>"; };
		72CD76BA2363488A0066DEA9 /* Api.Schedules.swift */ = {isa = PBXFileReference; lastKnownFileType = sourcecode.swift; path = Api.Schedules.swift; sourceTree = "<group>"; };
		72CD76BC236348980066DEA9 /* Api.Contacts.swift */ = {isa = PBXFileReference; lastKnownFileType = sourcecode.swift; path = Api.Contacts.swift; sourceTree = "<group>"; };
		72CD76BE236348AC0066DEA9 /* Api.Maps.swift */ = {isa = PBXFileReference; lastKnownFileType = sourcecode.swift; path = Api.Maps.swift; sourceTree = "<group>"; };
		72CD76C0236348B90066DEA9 /* Api.Personally.swift */ = {isa = PBXFileReference; lastKnownFileType = sourcecode.swift; path = Api.Personally.swift; sourceTree = "<group>"; };
		72CD76C223634C3B0066DEA9 /* Default-568h@2x.png */ = {isa = PBXFileReference; lastKnownFileType = image.png; path = "Default-568h@2x.png"; sourceTree = "<group>"; };
		72F6448C23635D5B00F8B538 /* SchedulesViewModel.swift */ = {isa = PBXFileReference; lastKnownFileType = sourcecode.swift; path = SchedulesViewModel.swift; sourceTree = "<group>"; };
		72F6448E23635F3400F8B538 /* ScheduleDomain.swift */ = {isa = PBXFileReference; lastKnownFileType = sourcecode.swift; path = ScheduleDomain.swift; sourceTree = "<group>"; };
		72F6449023635FF100F8B538 /* Helper.swift */ = {isa = PBXFileReference; lastKnownFileType = sourcecode.swift; path = Helper.swift; sourceTree = "<group>"; };
		72FDE77023674AA70011CBD8 /* ContactViewCell.swift */ = {isa = PBXFileReference; fileEncoding = 4; lastKnownFileType = sourcecode.swift; path = ContactViewCell.swift; sourceTree = "<group>"; };
		72FDE77123674AA70011CBD8 /* userImage.png */ = {isa = PBXFileReference; lastKnownFileType = image.png; path = userImage.png; sourceTree = "<group>"; };
		72FDE77223674AA70011CBD8 /* ContactViewCell.xib */ = {isa = PBXFileReference; fileEncoding = 4; lastKnownFileType = file.xib; path = ContactViewCell.xib; sourceTree = "<group>"; };
		72FDE77623674AC90011CBD8 /* ContactsViewController.swift */ = {isa = PBXFileReference; fileEncoding = 4; lastKnownFileType = sourcecode.swift; path = ContactsViewController.swift; sourceTree = "<group>"; };
		72FDE77723674AC90011CBD8 /* ContactsViewController.xib */ = {isa = PBXFileReference; fileEncoding = 4; lastKnownFileType = file.xib; path = ContactsViewController.xib; sourceTree = "<group>"; };
		72FDE782236755CF0011CBD8 /* ContactsViewModel.swift */ = {isa = PBXFileReference; lastKnownFileType = sourcecode.swift; path = ContactsViewModel.swift; sourceTree = "<group>"; };
		72FDE784236755F80011CBD8 /* ContactDomain.swift */ = {isa = PBXFileReference; lastKnownFileType = sourcecode.swift; path = ContactDomain.swift; sourceTree = "<group>"; };
		72FDE786236758F10011CBD8 /* ContactCellViewModel.swift */ = {isa = PBXFileReference; lastKnownFileType = sourcecode.swift; path = ContactCellViewModel.swift; sourceTree = "<group>"; };
		D3671E00DBDB81136569DCF9 /* Pods_DatingMessengersTests.framework */ = {isa = PBXFileReference; explicitFileType = wrapper.framework; includeInIndex = 0; path = Pods_DatingMessengersTests.framework; sourceTree = BUILT_PRODUCTS_DIR; };
		DA2C4BF88533301D24F0EA27 /* Pods-DatingMessengersTests.release.xcconfig */ = {isa = PBXFileReference; includeInIndex = 1; lastKnownFileType = text.xcconfig; name = "Pods-DatingMessengersTests.release.xcconfig"; path = "Target Support Files/Pods-DatingMessengersTests/Pods-DatingMessengersTests.release.xcconfig"; sourceTree = "<group>"; };
		DC7F6D5D24417DAB64C8EF72 /* Pods-DatingMessengers-DatingMessengersUITests.release.xcconfig */ = {isa = PBXFileReference; includeInIndex = 1; lastKnownFileType = text.xcconfig; name = "Pods-DatingMessengers-DatingMessengersUITests.release.xcconfig"; path = "Target Support Files/Pods-DatingMessengers-DatingMessengersUITests/Pods-DatingMessengers-DatingMessengersUITests.release.xcconfig"; sourceTree = "<group>"; };
		EAA18E6FCB86B5F3D4886EFB /* Pods-DatingMessengersTests.debug.xcconfig */ = {isa = PBXFileReference; includeInIndex = 1; lastKnownFileType = text.xcconfig; name = "Pods-DatingMessengersTests.debug.xcconfig"; path = "Target Support Files/Pods-DatingMessengersTests/Pods-DatingMessengersTests.debug.xcconfig"; sourceTree = "<group>"; };
		FCD2909C650513FFE16A12EE /* Pods_DatingMessengers.framework */ = {isa = PBXFileReference; explicitFileType = wrapper.framework; includeInIndex = 0; path = Pods_DatingMessengers.framework; sourceTree = BUILT_PRODUCTS_DIR; };
/* End PBXFileReference section */

/* Begin PBXFrameworksBuildPhase section */
		720C275F2363001800BBE05B /* Frameworks */ = {
			isa = PBXFrameworksBuildPhase;
			buildActionMask = 2147483647;
			files = (
				D6EE8620E86D7F84BB78859A /* Pods_DatingMessengers.framework in Frameworks */,
			);
			runOnlyForDeploymentPostprocessing = 0;
		};
		720C27752363001C00BBE05B /* Frameworks */ = {
			isa = PBXFrameworksBuildPhase;
			buildActionMask = 2147483647;
			files = (
				0907169C49BD2025FBC3B88C /* Pods_DatingMessengersTests.framework in Frameworks */,
			);
			runOnlyForDeploymentPostprocessing = 0;
		};
		720C27802363001C00BBE05B /* Frameworks */ = {
			isa = PBXFrameworksBuildPhase;
			buildActionMask = 2147483647;
			files = (
				E691B10D9376D906B872B2AD /* Pods_DatingMessengers_DatingMessengersUITests.framework in Frameworks */,
			);
			runOnlyForDeploymentPostprocessing = 0;
		};
/* End PBXFrameworksBuildPhase section */

/* Begin PBXGroup section */
		316DC52E69DF7A368D253FA7 /* Pods */ = {
			isa = PBXGroup;
			children = (
				18CF5FE90EB5A57CD192AFB2 /* Pods-DatingMessengers.debug.xcconfig */,
				717D6BA950ED83CB841E5821 /* Pods-DatingMessengers.release.xcconfig */,
				04B0ABD9054DD86920FB5A3E /* Pods-DatingMessengers-DatingMessengersUITests.debug.xcconfig */,
				DC7F6D5D24417DAB64C8EF72 /* Pods-DatingMessengers-DatingMessengersUITests.release.xcconfig */,
				EAA18E6FCB86B5F3D4886EFB /* Pods-DatingMessengersTests.debug.xcconfig */,
				DA2C4BF88533301D24F0EA27 /* Pods-DatingMessengersTests.release.xcconfig */,
			);
			path = Pods;
			sourceTree = "<group>";
		};
		720C27592363001700BBE05B = {
			isa = PBXGroup;
			children = (
				72CD76C223634C3B0066DEA9 /* Default-568h@2x.png */,
				720C27642363001800BBE05B /* DatingMessengers */,
				720C277B2363001C00BBE05B /* DatingMessengersTests */,
				720C27862363001C00BBE05B /* DatingMessengersUITests */,
				720C27632363001800BBE05B /* Products */,
				316DC52E69DF7A368D253FA7 /* Pods */,
				DAB7954A728B110F47ECD72B /* Frameworks */,
			);
			sourceTree = "<group>";
		};
		720C27632363001800BBE05B /* Products */ = {
			isa = PBXGroup;
			children = (
				720C27622363001800BBE05B /* DatingMessengers.app */,
				720C27782363001C00BBE05B /* DatingMessengersTests.xctest */,
				720C27832363001C00BBE05B /* DatingMessengersUITests.xctest */,
			);
			name = Products;
			sourceTree = "<group>";
		};
		720C27642363001800BBE05B /* DatingMessengers */ = {
			isa = PBXGroup;
			children = (
				720E736A23681BD3009092A9 /* Managers */,
				72CD76AD23633AA90066DEA9 /* Model */,
				72CD769C236337A60066DEA9 /* AppDelegate */,
				72CD769D236337CF0066DEA9 /* Controllers */,
				72CD767C2363359F0066DEA9 /* Define */,
				72CD7691236336F90066DEA9 /* Library */,
				72CD769B236337640066DEA9 /* Resources */,
			);
			path = DatingMessengers;
			sourceTree = "<group>";
		};
		720C277B2363001C00BBE05B /* DatingMessengersTests */ = {
			isa = PBXGroup;
			children = (
				720C277C2363001C00BBE05B /* DatingMessengersTests.swift */,
				720C277E2363001C00BBE05B /* Info.plist */,
			);
			path = DatingMessengersTests;
			sourceTree = "<group>";
		};
		720C27862363001C00BBE05B /* DatingMessengersUITests */ = {
			isa = PBXGroup;
			children = (
				720C27872363001C00BBE05B /* DatingMessengersUITests.swift */,
				720C27892363001C00BBE05B /* Info.plist */,
			);
			path = DatingMessengersUITests;
			sourceTree = "<group>";
		};
		720E736A23681BD3009092A9 /* Managers */ = {
			isa = PBXGroup;
			children = (
				720E736B236822E8009092A9 /* RealmManager.swift */,
			);
			path = Managers;
			sourceTree = "<group>";
		};
		729DD9DD23641DC500A4DAE1 /* DataAPI */ = {
			isa = PBXGroup;
			children = (
				72AF069D23645847006EFC5C /* ResponseData.swift */,
				72AF06A123647228006EFC5C /* RequestData.swift */,
				72428B7D2366F3AC00460607 /* ScheduleResult.swift */,
			);
			path = DataAPI;
			sourceTree = "<group>";
		};
		72CD5EB52363EFDF00972BE0 /* Domain */ = {
			isa = PBXGroup;
			children = (
				72F6448E23635F3400F8B538 /* ScheduleDomain.swift */,
				7200C4942365390C00BA96B7 /* LoacationDomain.swift */,
				72FDE784236755F80011CBD8 /* ContactDomain.swift */,
			);
			path = Domain;
			sourceTree = "<group>";
		};
		72CD767C2363359F0066DEA9 /* Define */ = {
			isa = PBXGroup;
			children = (
				72CD767D236335C90066DEA9 /* App.swift */,
				72CD7681236335EE0066DEA9 /* Color.swift */,
				72CD7683236336140066DEA9 /* Font.swift */,
				72CD767F236335E20066DEA9 /* String.swift */,
			);
			path = Define;
			sourceTree = "<group>";
		};
		72CD7685236336340066DEA9 /* API */ = {
			isa = PBXGroup;
			children = (
				72CD7686236336380066DEA9 /* Core */,
				72CD76B8236348660066DEA9 /* Api.Messages.swift */,
				72CD76BA2363488A0066DEA9 /* Api.Schedules.swift */,
				72CD76BC236348980066DEA9 /* Api.Contacts.swift */,
				72CD76BE236348AC0066DEA9 /* Api.Maps.swift */,
				72CD76C0236348B90066DEA9 /* Api.Personally.swift */,
			);
			path = API;
			sourceTree = "<group>";
		};
		72CD7686236336380066DEA9 /* Core */ = {
			isa = PBXGroup;
			children = (
				72CD76872363364F0066DEA9 /* Api.swift */,
				72CD76892363365D0066DEA9 /* ApiManager.swift */,
				72CD768B2363367B0066DEA9 /* Error.swift */,
				72CD768D236336970066DEA9 /* RequestSerializer.swift */,
				72CD768F236336AD0066DEA9 /* ResponseSerializer.swift */,
			);
			path = Core;
			sourceTree = "<group>";
		};
		72CD7691236336F90066DEA9 /* Library */ = {
			isa = PBXGroup;
			children = (
				72CD7692236336FE0066DEA9 /* Ext */,
				72F6449023635FF100F8B538 /* Helper.swift */,
			);
			path = Library;
			sourceTree = "<group>";
		};
		72CD7692236336FE0066DEA9 /* Ext */ = {
			isa = PBXGroup;
			children = (
				72CD76932363370A0066DEA9 /* InputViewExt.swift */,
				72CD76952363371A0066DEA9 /* MapperExt.swift */,
				72CD7697236337300066DEA9 /* StringExt.swift */,
				72CD7699236337450066DEA9 /* UIViewControllerExt.swift */,
			);
			path = Ext;
			sourceTree = "<group>";
		};
		72CD769B236337640066DEA9 /* Resources */ = {
			isa = PBXGroup;
			children = (
				720C276E2363001B00BBE05B /* Assets.xcassets */,
				720C27732363001B00BBE05B /* Info.plist */,
				720C27702363001B00BBE05B /* LaunchScreen.storyboard */,
			);
			path = Resources;
			sourceTree = "<group>";
		};
		72CD769C236337A60066DEA9 /* AppDelegate */ = {
			isa = PBXGroup;
			children = (
				720C27652363001800BBE05B /* AppDelegate.swift */,
			);
			path = AppDelegate;
			sourceTree = "<group>";
		};
		72CD769D236337CF0066DEA9 /* Controllers */ = {
			isa = PBXGroup;
			children = (
				72CD76AF23633B190066DEA9 /* Base */,
				72CD76AA23633A350066DEA9 /* 0.Welcome */,
				72CD76AB23633A600066DEA9 /* 1.Login */,
				72CD76AC23633A6F0066DEA9 /* 2.Tabbar */,
				72CD769E236338770066DEA9 /* 3.Message */,
				72CD76A0236338950066DEA9 /* 4.Contact */,
				72FDE77623674AC90011CBD8 /* ContactsViewController.swift */,
				72FDE77723674AC90011CBD8 /* ContactsViewController.xib */,
				72FDE782236755CF0011CBD8 /* ContactsViewModel.swift */,
				72CD76A2236338AA0066DEA9 /* 5.Schedule */,
				72CD76A4236338B90066DEA9 /* 6.MyPage */,
			);
			path = Controllers;
			sourceTree = "<group>";
		};
		72CD769E236338770066DEA9 /* 3.Message */ = {
			isa = PBXGroup;
			children = (
				72CD769F236338860066DEA9 /* Cell */,
				72A47E29236352C400F807C8 /* MessagesViewController.swift */,
				72A47E2A236352C400F807C8 /* MessagesViewController.xib */,
			);
			path = 3.Message;
			sourceTree = "<group>";
		};
		72CD769F236338860066DEA9 /* Cell */ = {
			isa = PBXGroup;
			children = (
			);
			path = Cell;
			sourceTree = "<group>";
		};
		72CD76A0236338950066DEA9 /* 4.Contact */ = {
			isa = PBXGroup;
			children = (
				72CD76A12363389E0066DEA9 /* Cell */,
			);
			path = 4.Contact;
			sourceTree = "<group>";
		};
		72CD76A12363389E0066DEA9 /* Cell */ = {
			isa = PBXGroup;
			children = (
				72FDE77023674AA70011CBD8 /* ContactViewCell.swift */,
				72FDE77223674AA70011CBD8 /* ContactViewCell.xib */,
				72FDE77123674AA70011CBD8 /* userImage.png */,
				72FDE786236758F10011CBD8 /* ContactCellViewModel.swift */,
			);
			path = Cell;
			sourceTree = "<group>";
		};
		72CD76A2236338AA0066DEA9 /* 5.Schedule */ = {
			isa = PBXGroup;
			children = (
				72CD76A3236338AF0066DEA9 /* Cell */,
				72A47E312363530800F807C8 /* SchedulesViewController.swift */,
				72A47E322363530800F807C8 /* SchedulesViewController.xib */,
				72F6448C23635D5B00F8B538 /* SchedulesViewModel.swift */,
			);
			path = 5.Schedule;
			sourceTree = "<group>";
		};
		72CD76A3236338AF0066DEA9 /* Cell */ = {
			isa = PBXGroup;
			children = (
				72AF069923643BE2006EFC5C /* ScheduleCellViewModel.swift */,
			);
			path = Cell;
			sourceTree = "<group>";
		};
		72CD76A4236338B90066DEA9 /* 6.MyPage */ = {
			isa = PBXGroup;
			children = (
				72CD76A5236338BE0066DEA9 /* Cell */,
				72A47E352363538500F807C8 /* PersonalViewController.swift */,
				72A47E362363538500F807C8 /* PersonalViewController.xib */,
			);
			path = 6.MyPage;
			sourceTree = "<group>";
		};
		72CD76A5236338BE0066DEA9 /* Cell */ = {
			isa = PBXGroup;
			children = (
			);
			path = Cell;
			sourceTree = "<group>";
		};
		72CD76AA23633A350066DEA9 /* 0.Welcome */ = {
			isa = PBXGroup;
			children = (
				720C27952363012B00BBE05B /* WelcomeViewController.swift */,
				720C27962363012B00BBE05B /* WelcomeViewController.xib */,
			);
			path = 0.Welcome;
			sourceTree = "<group>";
		};
		72CD76AB23633A600066DEA9 /* 1.Login */ = {
			isa = PBXGroup;
			children = (
			);
			path = 1.Login;
			sourceTree = "<group>";
		};
		72CD76AC23633A6F0066DEA9 /* 2.Tabbar */ = {
			isa = PBXGroup;
			children = (
				72A47E19236351D400F807C8 /* TabbarViewController.swift */,
				72A47E1A236351D400F807C8 /* TabbarViewController.xib */,
			);
			path = 2.Tabbar;
			sourceTree = "<group>";
		};
		72CD76AD23633AA90066DEA9 /* Model */ = {
			isa = PBXGroup;
			children = (
				72CD76AE23633AF80066DEA9 /* Schema */,
				72CD7685236336340066DEA9 /* API */,
			);
			path = Model;
			sourceTree = "<group>";
		};
		72CD76AE23633AF80066DEA9 /* Schema */ = {
			isa = PBXGroup;
			children = (
				729DD9DD23641DC500A4DAE1 /* DataAPI */,
				72CD5EB52363EFDF00972BE0 /* Domain */,
			);
			path = Schema;
			sourceTree = "<group>";
		};
		72CD76AF23633B190066DEA9 /* Base */ = {
			isa = PBXGroup;
			children = (
				72CD76B023633B560066DEA9 /* TableCell.swift */,
				72CD76B223633B860066DEA9 /* CollectionCell.swift */,
				72CD76B423633BA70066DEA9 /* Button.swift */,
				72CD76B623633BCA0066DEA9 /* ViewController.swift */,
			);
			path = Base;
			sourceTree = "<group>";
		};
		DAB7954A728B110F47ECD72B /* Frameworks */ = {
			isa = PBXGroup;
			children = (
				FCD2909C650513FFE16A12EE /* Pods_DatingMessengers.framework */,
				09A04B668F4736F42F95ECF0 /* Pods_DatingMessengers_DatingMessengersUITests.framework */,
				D3671E00DBDB81136569DCF9 /* Pods_DatingMessengersTests.framework */,
			);
			name = Frameworks;
			sourceTree = "<group>";
		};
/* End PBXGroup section */

/* Begin PBXNativeTarget section */
		720C27612363001800BBE05B /* DatingMessengers */ = {
			isa = PBXNativeTarget;
			buildConfigurationList = 720C278C2363001C00BBE05B /* Build configuration list for PBXNativeTarget "DatingMessengers" */;
			buildPhases = (
				8C8EDE7BB450717B9FE57527 /* [CP] Check Pods Manifest.lock */,
				720C275E2363001800BBE05B /* Sources */,
				720C275F2363001800BBE05B /* Frameworks */,
				720C27602363001800BBE05B /* Resources */,
				A4763E4CF2ED78869CCA0DE0 /* [CP] Embed Pods Frameworks */,
			);
			buildRules = (
			);
			dependencies = (
			);
			name = DatingMessengers;
			productName = DatingMessengers;
			productReference = 720C27622363001800BBE05B /* DatingMessengers.app */;
			productType = "com.apple.product-type.application";
		};
		720C27772363001C00BBE05B /* DatingMessengersTests */ = {
			isa = PBXNativeTarget;
			buildConfigurationList = 720C278F2363001C00BBE05B /* Build configuration list for PBXNativeTarget "DatingMessengersTests" */;
			buildPhases = (
				AFC24D6FC0CAA0D30BEAFB4F /* [CP] Check Pods Manifest.lock */,
				720C27742363001C00BBE05B /* Sources */,
				720C27752363001C00BBE05B /* Frameworks */,
				720C27762363001C00BBE05B /* Resources */,
			);
			buildRules = (
			);
			dependencies = (
				720C277A2363001C00BBE05B /* PBXTargetDependency */,
			);
			name = DatingMessengersTests;
			productName = DatingMessengersTests;
			productReference = 720C27782363001C00BBE05B /* DatingMessengersTests.xctest */;
			productType = "com.apple.product-type.bundle.unit-test";
		};
		720C27822363001C00BBE05B /* DatingMessengersUITests */ = {
			isa = PBXNativeTarget;
			buildConfigurationList = 720C27922363001C00BBE05B /* Build configuration list for PBXNativeTarget "DatingMessengersUITests" */;
			buildPhases = (
				006503F67EE91E2FF4D94B05 /* [CP] Check Pods Manifest.lock */,
				720C277F2363001C00BBE05B /* Sources */,
				720C27802363001C00BBE05B /* Frameworks */,
				720C27812363001C00BBE05B /* Resources */,
				99935A0B1F93168487174649 /* [CP] Embed Pods Frameworks */,
			);
			buildRules = (
			);
			dependencies = (
				720C27852363001C00BBE05B /* PBXTargetDependency */,
			);
			name = DatingMessengersUITests;
			productName = DatingMessengersUITests;
			productReference = 720C27832363001C00BBE05B /* DatingMessengersUITests.xctest */;
			productType = "com.apple.product-type.bundle.ui-testing";
		};
/* End PBXNativeTarget section */

/* Begin PBXProject section */
		720C275A2363001700BBE05B /* Project object */ = {
			isa = PBXProject;
			attributes = {
				LastSwiftUpdateCheck = 1100;
				LastUpgradeCheck = 1100;
				ORGANIZATIONNAME = MBA0051;
				TargetAttributes = {
					720C27612363001800BBE05B = {
						CreatedOnToolsVersion = 11.0;
					};
					720C27772363001C00BBE05B = {
						CreatedOnToolsVersion = 11.0;
						TestTargetID = 720C27612363001800BBE05B;
					};
					720C27822363001C00BBE05B = {
						CreatedOnToolsVersion = 11.0;
						TestTargetID = 720C27612363001800BBE05B;
					};
				};
			};
			buildConfigurationList = 720C275D2363001700BBE05B /* Build configuration list for PBXProject "DatingMessengers" */;
			compatibilityVersion = "Xcode 9.3";
			developmentRegion = en;
			hasScannedForEncodings = 0;
			knownRegions = (
				en,
				Base,
			);
			mainGroup = 720C27592363001700BBE05B;
			productRefGroup = 720C27632363001800BBE05B /* Products */;
			projectDirPath = "";
			projectRoot = "";
			targets = (
				720C27612363001800BBE05B /* DatingMessengers */,
				720C27772363001C00BBE05B /* DatingMessengersTests */,
				720C27822363001C00BBE05B /* DatingMessengersUITests */,
			);
		};
/* End PBXProject section */

/* Begin PBXResourcesBuildPhase section */
		720C27602363001800BBE05B /* Resources */ = {
			isa = PBXResourcesBuildPhase;
			buildActionMask = 2147483647;
			files = (
				72FDE77523674AA70011CBD8 /* ContactViewCell.xib in Resources */,
				72A47E2C236352C400F807C8 /* MessagesViewController.xib in Resources */,
				72FDE77423674AA70011CBD8 /* userImage.png in Resources */,
				720C27722363001B00BBE05B /* LaunchScreen.storyboard in Resources */,
				72FDE77B23674AC90011CBD8 /* ContactsViewController.xib in Resources */,
				72A47E342363530800F807C8 /* SchedulesViewController.xib in Resources */,
				72CD76C323634C3B0066DEA9 /* Default-568h@2x.png in Resources */,
				72A47E1C236351D400F807C8 /* TabbarViewController.xib in Resources */,
				720C276F2363001B00BBE05B /* Assets.xcassets in Resources */,
				72A47E382363538500F807C8 /* PersonalViewController.xib in Resources */,
				720C27982363012B00BBE05B /* WelcomeViewController.xib in Resources */,
			);
			runOnlyForDeploymentPostprocessing = 0;
		};
		720C27762363001C00BBE05B /* Resources */ = {
			isa = PBXResourcesBuildPhase;
			buildActionMask = 2147483647;
			files = (
			);
			runOnlyForDeploymentPostprocessing = 0;
		};
		720C27812363001C00BBE05B /* Resources */ = {
			isa = PBXResourcesBuildPhase;
			buildActionMask = 2147483647;
			files = (
			);
			runOnlyForDeploymentPostprocessing = 0;
		};
/* End PBXResourcesBuildPhase section */

/* Begin PBXShellScriptBuildPhase section */
		006503F67EE91E2FF4D94B05 /* [CP] Check Pods Manifest.lock */ = {
			isa = PBXShellScriptBuildPhase;
			buildActionMask = 2147483647;
			files = (
			);
			inputFileListPaths = (
			);
			inputPaths = (
				"${PODS_PODFILE_DIR_PATH}/Podfile.lock",
				"${PODS_ROOT}/Manifest.lock",
			);
			name = "[CP] Check Pods Manifest.lock";
			outputFileListPaths = (
			);
			outputPaths = (
				"$(DERIVED_FILE_DIR)/Pods-DatingMessengers-DatingMessengersUITests-checkManifestLockResult.txt",
			);
			runOnlyForDeploymentPostprocessing = 0;
			shellPath = /bin/sh;
			shellScript = "diff \"${PODS_PODFILE_DIR_PATH}/Podfile.lock\" \"${PODS_ROOT}/Manifest.lock\" > /dev/null\nif [ $? != 0 ] ; then\n    # print error to STDERR\n    echo \"error: The sandbox is not in sync with the Podfile.lock. Run 'pod install' or update your CocoaPods installation.\" >&2\n    exit 1\nfi\n# This output is used by Xcode 'outputs' to avoid re-running this script phase.\necho \"SUCCESS\" > \"${SCRIPT_OUTPUT_FILE_0}\"\n";
			showEnvVarsInLog = 0;
		};
		8C8EDE7BB450717B9FE57527 /* [CP] Check Pods Manifest.lock */ = {
			isa = PBXShellScriptBuildPhase;
			buildActionMask = 2147483647;
			files = (
			);
			inputFileListPaths = (
			);
			inputPaths = (
				"${PODS_PODFILE_DIR_PATH}/Podfile.lock",
				"${PODS_ROOT}/Manifest.lock",
			);
			name = "[CP] Check Pods Manifest.lock";
			outputFileListPaths = (
			);
			outputPaths = (
				"$(DERIVED_FILE_DIR)/Pods-DatingMessengers-checkManifestLockResult.txt",
			);
			runOnlyForDeploymentPostprocessing = 0;
			shellPath = /bin/sh;
			shellScript = "diff \"${PODS_PODFILE_DIR_PATH}/Podfile.lock\" \"${PODS_ROOT}/Manifest.lock\" > /dev/null\nif [ $? != 0 ] ; then\n    # print error to STDERR\n    echo \"error: The sandbox is not in sync with the Podfile.lock. Run 'pod install' or update your CocoaPods installation.\" >&2\n    exit 1\nfi\n# This output is used by Xcode 'outputs' to avoid re-running this script phase.\necho \"SUCCESS\" > \"${SCRIPT_OUTPUT_FILE_0}\"\n";
			showEnvVarsInLog = 0;
		};
		99935A0B1F93168487174649 /* [CP] Embed Pods Frameworks */ = {
			isa = PBXShellScriptBuildPhase;
			buildActionMask = 2147483647;
			files = (
			);
			inputFileListPaths = (
				"${PODS_ROOT}/Target Support Files/Pods-DatingMessengers-DatingMessengersUITests/Pods-DatingMessengers-DatingMessengersUITests-frameworks-${CONFIGURATION}-input-files.xcfilelist",
			);
			name = "[CP] Embed Pods Frameworks";
			outputFileListPaths = (
				"${PODS_ROOT}/Target Support Files/Pods-DatingMessengers-DatingMessengersUITests/Pods-DatingMessengers-DatingMessengersUITests-frameworks-${CONFIGURATION}-output-files.xcfilelist",
			);
			runOnlyForDeploymentPostprocessing = 0;
			shellPath = /bin/sh;
			shellScript = "\"${PODS_ROOT}/Target Support Files/Pods-DatingMessengers-DatingMessengersUITests/Pods-DatingMessengers-DatingMessengersUITests-frameworks.sh\"\n";
			showEnvVarsInLog = 0;
		};
		A4763E4CF2ED78869CCA0DE0 /* [CP] Embed Pods Frameworks */ = {
			isa = PBXShellScriptBuildPhase;
			buildActionMask = 2147483647;
			files = (
			);
			inputFileListPaths = (
				"${PODS_ROOT}/Target Support Files/Pods-DatingMessengers/Pods-DatingMessengers-frameworks-${CONFIGURATION}-input-files.xcfilelist",
			);
			name = "[CP] Embed Pods Frameworks";
			outputFileListPaths = (
				"${PODS_ROOT}/Target Support Files/Pods-DatingMessengers/Pods-DatingMessengers-frameworks-${CONFIGURATION}-output-files.xcfilelist",
			);
			runOnlyForDeploymentPostprocessing = 0;
			shellPath = /bin/sh;
			shellScript = "\"${PODS_ROOT}/Target Support Files/Pods-DatingMessengers/Pods-DatingMessengers-frameworks.sh\"\n";
			showEnvVarsInLog = 0;
		};
		AFC24D6FC0CAA0D30BEAFB4F /* [CP] Check Pods Manifest.lock */ = {
			isa = PBXShellScriptBuildPhase;
			buildActionMask = 2147483647;
			files = (
			);
			inputFileListPaths = (
			);
			inputPaths = (
				"${PODS_PODFILE_DIR_PATH}/Podfile.lock",
				"${PODS_ROOT}/Manifest.lock",
			);
			name = "[CP] Check Pods Manifest.lock";
			outputFileListPaths = (
			);
			outputPaths = (
				"$(DERIVED_FILE_DIR)/Pods-DatingMessengersTests-checkManifestLockResult.txt",
			);
			runOnlyForDeploymentPostprocessing = 0;
			shellPath = /bin/sh;
			shellScript = "diff \"${PODS_PODFILE_DIR_PATH}/Podfile.lock\" \"${PODS_ROOT}/Manifest.lock\" > /dev/null\nif [ $? != 0 ] ; then\n    # print error to STDERR\n    echo \"error: The sandbox is not in sync with the Podfile.lock. Run 'pod install' or update your CocoaPods installation.\" >&2\n    exit 1\nfi\n# This output is used by Xcode 'outputs' to avoid re-running this script phase.\necho \"SUCCESS\" > \"${SCRIPT_OUTPUT_FILE_0}\"\n";
			showEnvVarsInLog = 0;
		};
/* End PBXShellScriptBuildPhase section */

/* Begin PBXSourcesBuildPhase section */
		720C275E2363001800BBE05B /* Sources */ = {
			isa = PBXSourcesBuildPhase;
			buildActionMask = 2147483647;
			files = (
				72CD768A2363365D0066DEA9 /* ApiManager.swift in Sources */,
				72CD76B723633BCA0066DEA9 /* ViewController.swift in Sources */,
				7200C4952365390C00BA96B7 /* LoacationDomain.swift in Sources */,
				72FDE77A23674AC90011CBD8 /* ContactsViewController.swift in Sources */,
				72A47E2B236352C400F807C8 /* MessagesViewController.swift in Sources */,
				720E736C236822E8009092A9 /* RealmManager.swift in Sources */,
				72CD767E236335C90066DEA9 /* App.swift in Sources */,
				72A47E1B236351D400F807C8 /* TabbarViewController.swift in Sources */,
				72CD76B123633B560066DEA9 /* TableCell.swift in Sources */,
				72CD76BF236348AC0066DEA9 /* Api.Maps.swift in Sources */,
				72F6449123635FF100F8B538 /* Helper.swift in Sources */,
				72F6448D23635D5B00F8B538 /* SchedulesViewModel.swift in Sources */,
				72A47E332363530800F807C8 /* SchedulesViewController.swift in Sources */,
				720C27972363012B00BBE05B /* WelcomeViewController.swift in Sources */,
				72AF06A223647228006EFC5C /* RequestData.swift in Sources */,
				72FDE77323674AA70011CBD8 /* ContactViewCell.swift in Sources */,
				72CD76B9236348660066DEA9 /* Api.Messages.swift in Sources */,
				72CD7684236336140066DEA9 /* Font.swift in Sources */,
				72CD7680236335E20066DEA9 /* String.swift in Sources */,
				72FDE785236755F80011CBD8 /* ContactDomain.swift in Sources */,
				72FDE787236758F10011CBD8 /* ContactCellViewModel.swift in Sources */,
				72CD769A236337450066DEA9 /* UIViewControllerExt.swift in Sources */,
				72CD76B523633BA70066DEA9 /* Button.swift in Sources */,
				72AF069A23643BE2006EFC5C /* ScheduleCellViewModel.swift in Sources */,
				72A47E372363538500F807C8 /* PersonalViewController.swift in Sources */,
				72CD76942363370A0066DEA9 /* InputViewExt.swift in Sources */,
				72CD768E236336970066DEA9 /* RequestSerializer.swift in Sources */,
				72CD7690236336AD0066DEA9 /* ResponseSerializer.swift in Sources */,
				72CD76962363371A0066DEA9 /* MapperExt.swift in Sources */,
				72F6448F23635F3400F8B538 /* ScheduleDomain.swift in Sources */,
				72CD76BB2363488A0066DEA9 /* Api.Schedules.swift in Sources */,
				72CD76C1236348B90066DEA9 /* Api.Personally.swift in Sources */,
				72CD76B323633B860066DEA9 /* CollectionCell.swift in Sources */,
				72CD7682236335EE0066DEA9 /* Color.swift in Sources */,
				72CD7698236337300066DEA9 /* StringExt.swift in Sources */,
				72CD76882363364F0066DEA9 /* Api.swift in Sources */,
				72428B7E2366F3AC00460607 /* ScheduleResult.swift in Sources */,
				72CD768C2363367B0066DEA9 /* Error.swift in Sources */,
				72AF069E23645847006EFC5C /* ResponseData.swift in Sources */,
				72CD76BD236348980066DEA9 /* Api.Contacts.swift in Sources */,
				72FDE783236755CF0011CBD8 /* ContactsViewModel.swift in Sources */,
				720C27662363001800BBE05B /* AppDelegate.swift in Sources */,
			);
			runOnlyForDeploymentPostprocessing = 0;
		};
		720C27742363001C00BBE05B /* Sources */ = {
			isa = PBXSourcesBuildPhase;
			buildActionMask = 2147483647;
			files = (
				720C277D2363001C00BBE05B /* DatingMessengersTests.swift in Sources */,
			);
			runOnlyForDeploymentPostprocessing = 0;
		};
		720C277F2363001C00BBE05B /* Sources */ = {
			isa = PBXSourcesBuildPhase;
			buildActionMask = 2147483647;
			files = (
				720C27882363001C00BBE05B /* DatingMessengersUITests.swift in Sources */,
			);
			runOnlyForDeploymentPostprocessing = 0;
		};
/* End PBXSourcesBuildPhase section */

/* Begin PBXTargetDependency section */
		720C277A2363001C00BBE05B /* PBXTargetDependency */ = {
			isa = PBXTargetDependency;
			target = 720C27612363001800BBE05B /* DatingMessengers */;
			targetProxy = 720C27792363001C00BBE05B /* PBXContainerItemProxy */;
		};
		720C27852363001C00BBE05B /* PBXTargetDependency */ = {
			isa = PBXTargetDependency;
			target = 720C27612363001800BBE05B /* DatingMessengers */;
			targetProxy = 720C27842363001C00BBE05B /* PBXContainerItemProxy */;
		};
/* End PBXTargetDependency section */

/* Begin PBXVariantGroup section */
		720C27702363001B00BBE05B /* LaunchScreen.storyboard */ = {
			isa = PBXVariantGroup;
			children = (
				720C27712363001B00BBE05B /* Base */,
			);
			name = LaunchScreen.storyboard;
			sourceTree = "<group>";
		};
/* End PBXVariantGroup section */

/* Begin XCBuildConfiguration section */
		720C278A2363001C00BBE05B /* Debug */ = {
			isa = XCBuildConfiguration;
			buildSettings = {
				ALWAYS_SEARCH_USER_PATHS = NO;
				CLANG_ANALYZER_NONNULL = YES;
				CLANG_ANALYZER_NUMBER_OBJECT_CONVERSION = YES_AGGRESSIVE;
				CLANG_CXX_LANGUAGE_STANDARD = "gnu++14";
				CLANG_CXX_LIBRARY = "libc++";
				CLANG_ENABLE_MODULES = YES;
				CLANG_ENABLE_OBJC_ARC = YES;
				CLANG_ENABLE_OBJC_WEAK = YES;
				CLANG_WARN_BLOCK_CAPTURE_AUTORELEASING = YES;
				CLANG_WARN_BOOL_CONVERSION = YES;
				CLANG_WARN_COMMA = YES;
				CLANG_WARN_CONSTANT_CONVERSION = YES;
				CLANG_WARN_DEPRECATED_OBJC_IMPLEMENTATIONS = YES;
				CLANG_WARN_DIRECT_OBJC_ISA_USAGE = YES_ERROR;
				CLANG_WARN_DOCUMENTATION_COMMENTS = YES;
				CLANG_WARN_EMPTY_BODY = YES;
				CLANG_WARN_ENUM_CONVERSION = YES;
				CLANG_WARN_INFINITE_RECURSION = YES;
				CLANG_WARN_INT_CONVERSION = YES;
				CLANG_WARN_NON_LITERAL_NULL_CONVERSION = YES;
				CLANG_WARN_OBJC_IMPLICIT_RETAIN_SELF = YES;
				CLANG_WARN_OBJC_LITERAL_CONVERSION = YES;
				CLANG_WARN_OBJC_ROOT_CLASS = YES_ERROR;
				CLANG_WARN_RANGE_LOOP_ANALYSIS = YES;
				CLANG_WARN_STRICT_PROTOTYPES = YES;
				CLANG_WARN_SUSPICIOUS_MOVE = YES;
				CLANG_WARN_UNGUARDED_AVAILABILITY = YES_AGGRESSIVE;
				CLANG_WARN_UNREACHABLE_CODE = YES;
				CLANG_WARN__DUPLICATE_METHOD_MATCH = YES;
				COPY_PHASE_STRIP = NO;
				DEBUG_INFORMATION_FORMAT = dwarf;
				ENABLE_STRICT_OBJC_MSGSEND = YES;
				ENABLE_TESTABILITY = YES;
				GCC_C_LANGUAGE_STANDARD = gnu11;
				GCC_DYNAMIC_NO_PIC = NO;
				GCC_NO_COMMON_BLOCKS = YES;
				GCC_OPTIMIZATION_LEVEL = 0;
				GCC_PREPROCESSOR_DEFINITIONS = (
					"DEBUG=1",
					"$(inherited)",
				);
				GCC_WARN_64_TO_32_BIT_CONVERSION = YES;
				GCC_WARN_ABOUT_RETURN_TYPE = YES_ERROR;
				GCC_WARN_UNDECLARED_SELECTOR = YES;
				GCC_WARN_UNINITIALIZED_AUTOS = YES_AGGRESSIVE;
				GCC_WARN_UNUSED_FUNCTION = YES;
				GCC_WARN_UNUSED_VARIABLE = YES;
				IPHONEOS_DEPLOYMENT_TARGET = 11.0;
				MTL_ENABLE_DEBUG_INFO = INCLUDE_SOURCE;
				MTL_FAST_MATH = YES;
				ONLY_ACTIVE_ARCH = YES;
				SDKROOT = iphoneos;
				SWIFT_ACTIVE_COMPILATION_CONDITIONS = DEBUG;
				SWIFT_OPTIMIZATION_LEVEL = "-Onone";
			};
			name = Debug;
		};
		720C278B2363001C00BBE05B /* Release */ = {
			isa = XCBuildConfiguration;
			buildSettings = {
				ALWAYS_SEARCH_USER_PATHS = NO;
				CLANG_ANALYZER_NONNULL = YES;
				CLANG_ANALYZER_NUMBER_OBJECT_CONVERSION = YES_AGGRESSIVE;
				CLANG_CXX_LANGUAGE_STANDARD = "gnu++14";
				CLANG_CXX_LIBRARY = "libc++";
				CLANG_ENABLE_MODULES = YES;
				CLANG_ENABLE_OBJC_ARC = YES;
				CLANG_ENABLE_OBJC_WEAK = YES;
				CLANG_WARN_BLOCK_CAPTURE_AUTORELEASING = YES;
				CLANG_WARN_BOOL_CONVERSION = YES;
				CLANG_WARN_COMMA = YES;
				CLANG_WARN_CONSTANT_CONVERSION = YES;
				CLANG_WARN_DEPRECATED_OBJC_IMPLEMENTATIONS = YES;
				CLANG_WARN_DIRECT_OBJC_ISA_USAGE = YES_ERROR;
				CLANG_WARN_DOCUMENTATION_COMMENTS = YES;
				CLANG_WARN_EMPTY_BODY = YES;
				CLANG_WARN_ENUM_CONVERSION = YES;
				CLANG_WARN_INFINITE_RECURSION = YES;
				CLANG_WARN_INT_CONVERSION = YES;
				CLANG_WARN_NON_LITERAL_NULL_CONVERSION = YES;
				CLANG_WARN_OBJC_IMPLICIT_RETAIN_SELF = YES;
				CLANG_WARN_OBJC_LITERAL_CONVERSION = YES;
				CLANG_WARN_OBJC_ROOT_CLASS = YES_ERROR;
				CLANG_WARN_RANGE_LOOP_ANALYSIS = YES;
				CLANG_WARN_STRICT_PROTOTYPES = YES;
				CLANG_WARN_SUSPICIOUS_MOVE = YES;
				CLANG_WARN_UNGUARDED_AVAILABILITY = YES_AGGRESSIVE;
				CLANG_WARN_UNREACHABLE_CODE = YES;
				CLANG_WARN__DUPLICATE_METHOD_MATCH = YES;
				COPY_PHASE_STRIP = NO;
				DEBUG_INFORMATION_FORMAT = "dwarf-with-dsym";
				ENABLE_NS_ASSERTIONS = NO;
				ENABLE_STRICT_OBJC_MSGSEND = YES;
				GCC_C_LANGUAGE_STANDARD = gnu11;
				GCC_NO_COMMON_BLOCKS = YES;
				GCC_WARN_64_TO_32_BIT_CONVERSION = YES;
				GCC_WARN_ABOUT_RETURN_TYPE = YES_ERROR;
				GCC_WARN_UNDECLARED_SELECTOR = YES;
				GCC_WARN_UNINITIALIZED_AUTOS = YES_AGGRESSIVE;
				GCC_WARN_UNUSED_FUNCTION = YES;
				GCC_WARN_UNUSED_VARIABLE = YES;
				IPHONEOS_DEPLOYMENT_TARGET = 11.0;
				MTL_ENABLE_DEBUG_INFO = NO;
				MTL_FAST_MATH = YES;
				SDKROOT = iphoneos;
				SWIFT_COMPILATION_MODE = wholemodule;
				SWIFT_OPTIMIZATION_LEVEL = "-O";
				VALIDATE_PRODUCT = YES;
			};
			name = Release;
		};
		720C278D2363001C00BBE05B /* Debug */ = {
			isa = XCBuildConfiguration;
			baseConfigurationReference = 18CF5FE90EB5A57CD192AFB2 /* Pods-DatingMessengers.debug.xcconfig */;
			buildSettings = {
				ASSETCATALOG_COMPILER_APPICON_NAME = AppIcon;
				CODE_SIGN_STYLE = Automatic;
				DEVELOPMENT_ASSET_PATHS = "";
				DEVELOPMENT_TEAM = JPRQ9XJ746;
				INFOPLIST_FILE = "$(SRCROOT)/DatingMessengers/Resources/Info.plist";
				IPHONEOS_DEPLOYMENT_TARGET = 11.0;
				LD_RUNPATH_SEARCH_PATHS = (
					"$(inherited)",
					"@executable_path/Frameworks",
				);
				PRODUCT_BUNDLE_IDENTIFIER = com.asiantech.DatingMessengers;
				PRODUCT_NAME = DatingMessengers;
				SWIFT_VERSION = 5.0;
				TARGETED_DEVICE_FAMILY = 1;
			};
			name = Debug;
		};
		720C278E2363001C00BBE05B /* Release */ = {
			isa = XCBuildConfiguration;
			baseConfigurationReference = 717D6BA950ED83CB841E5821 /* Pods-DatingMessengers.release.xcconfig */;
			buildSettings = {
				ASSETCATALOG_COMPILER_APPICON_NAME = AppIcon;
				CODE_SIGN_STYLE = Automatic;
				DEVELOPMENT_ASSET_PATHS = "";
				DEVELOPMENT_TEAM = JPRQ9XJ746;
				INFOPLIST_FILE = "$(SRCROOT)/DatingMessengers/Resources/Info.plist";
				IPHONEOS_DEPLOYMENT_TARGET = 11.0;
				LD_RUNPATH_SEARCH_PATHS = (
					"$(inherited)",
					"@executable_path/Frameworks",
				);
				PRODUCT_BUNDLE_IDENTIFIER = com.asiantech.DatingMessengers;
				PRODUCT_NAME = DatingMessengers;
				SWIFT_VERSION = 5.0;
				TARGETED_DEVICE_FAMILY = 1;
			};
			name = Release;
		};
		720C27902363001C00BBE05B /* Debug */ = {
			isa = XCBuildConfiguration;
			baseConfigurationReference = EAA18E6FCB86B5F3D4886EFB /* Pods-DatingMessengersTests.debug.xcconfig */;
			buildSettings = {
				ALWAYS_EMBED_SWIFT_STANDARD_LIBRARIES = YES;
				BUNDLE_LOADER = "$(TEST_HOST)";
				CODE_SIGN_STYLE = Automatic;
				DEVELOPMENT_TEAM = JPRQ9XJ746;
				INFOPLIST_FILE = DatingMessengersTests/Info.plist;
				IPHONEOS_DEPLOYMENT_TARGET = 13.0;
				LD_RUNPATH_SEARCH_PATHS = (
					"$(inherited)",
					"@executable_path/Frameworks",
					"@loader_path/Frameworks",
				);
				PRODUCT_BUNDLE_IDENTIFIER = com.asiantech.DatingMessengersTests;
				PRODUCT_NAME = "$(TARGET_NAME)";
				SWIFT_VERSION = 5.0;
				TARGETED_DEVICE_FAMILY = "1,2";
				TEST_HOST = "$(BUILT_PRODUCTS_DIR)/DatingMessengers.app/DatingMessengers";
			};
			name = Debug;
		};
		720C27912363001C00BBE05B /* Release */ = {
			isa = XCBuildConfiguration;
			baseConfigurationReference = DA2C4BF88533301D24F0EA27 /* Pods-DatingMessengersTests.release.xcconfig */;
			buildSettings = {
				ALWAYS_EMBED_SWIFT_STANDARD_LIBRARIES = YES;
				BUNDLE_LOADER = "$(TEST_HOST)";
				CODE_SIGN_STYLE = Automatic;
				DEVELOPMENT_TEAM = JPRQ9XJ746;
				INFOPLIST_FILE = DatingMessengersTests/Info.plist;
				IPHONEOS_DEPLOYMENT_TARGET = 13.0;
				LD_RUNPATH_SEARCH_PATHS = (
					"$(inherited)",
					"@executable_path/Frameworks",
					"@loader_path/Frameworks",
				);
				PRODUCT_BUNDLE_IDENTIFIER = com.asiantech.DatingMessengersTests;
				PRODUCT_NAME = "$(TARGET_NAME)";
				SWIFT_VERSION = 5.0;
				TARGETED_DEVICE_FAMILY = "1,2";
				TEST_HOST = "$(BUILT_PRODUCTS_DIR)/DatingMessengers.app/DatingMessengers";
			};
			name = Release;
		};
		720C27932363001C00BBE05B /* Debug */ = {
			isa = XCBuildConfiguration;
			baseConfigurationReference = 04B0ABD9054DD86920FB5A3E /* Pods-DatingMessengers-DatingMessengersUITests.debug.xcconfig */;
			buildSettings = {
				ALWAYS_EMBED_SWIFT_STANDARD_LIBRARIES = YES;
				CODE_SIGN_STYLE = Automatic;
				DEVELOPMENT_TEAM = JPRQ9XJ746;
				INFOPLIST_FILE = DatingMessengersUITests/Info.plist;
				LD_RUNPATH_SEARCH_PATHS = (
					"$(inherited)",
					"@executable_path/Frameworks",
					"@loader_path/Frameworks",
				);
				PRODUCT_BUNDLE_IDENTIFIER = com.asiantech.DatingMessengersUITests;
				PRODUCT_NAME = "$(TARGET_NAME)";
				SWIFT_VERSION = 5.0;
				TARGETED_DEVICE_FAMILY = "1,2";
				TEST_TARGET_NAME = DatingMessengers;
			};
			name = Debug;
		};
		720C27942363001C00BBE05B /* Release */ = {
			isa = XCBuildConfiguration;
			baseConfigurationReference = DC7F6D5D24417DAB64C8EF72 /* Pods-DatingMessengers-DatingMessengersUITests.release.xcconfig */;
			buildSettings = {
				ALWAYS_EMBED_SWIFT_STANDARD_LIBRARIES = YES;
				CODE_SIGN_STYLE = Automatic;
				DEVELOPMENT_TEAM = JPRQ9XJ746;
				INFOPLIST_FILE = DatingMessengersUITests/Info.plist;
				LD_RUNPATH_SEARCH_PATHS = (
					"$(inherited)",
					"@executable_path/Frameworks",
					"@loader_path/Frameworks",
				);
				PRODUCT_BUNDLE_IDENTIFIER = com.asiantech.DatingMessengersUITests;
				PRODUCT_NAME = "$(TARGET_NAME)";
				SWIFT_VERSION = 5.0;
				TARGETED_DEVICE_FAMILY = "1,2";
				TEST_TARGET_NAME = DatingMessengers;
			};
			name = Release;
		};
/* End XCBuildConfiguration section */

/* Begin XCConfigurationList section */
		720C275D2363001700BBE05B /* Build configuration list for PBXProject "DatingMessengers" */ = {
			isa = XCConfigurationList;
			buildConfigurations = (
				720C278A2363001C00BBE05B /* Debug */,
				720C278B2363001C00BBE05B /* Release */,
			);
			defaultConfigurationIsVisible = 0;
			defaultConfigurationName = Release;
		};
		720C278C2363001C00BBE05B /* Build configuration list for PBXNativeTarget "DatingMessengers" */ = {
			isa = XCConfigurationList;
			buildConfigurations = (
				720C278D2363001C00BBE05B /* Debug */,
				720C278E2363001C00BBE05B /* Release */,
			);
			defaultConfigurationIsVisible = 0;
			defaultConfigurationName = Release;
		};
		720C278F2363001C00BBE05B /* Build configuration list for PBXNativeTarget "DatingMessengersTests" */ = {
			isa = XCConfigurationList;
			buildConfigurations = (
				720C27902363001C00BBE05B /* Debug */,
				720C27912363001C00BBE05B /* Release */,
			);
			defaultConfigurationIsVisible = 0;
			defaultConfigurationName = Release;
		};
		720C27922363001C00BBE05B /* Build configuration list for PBXNativeTarget "DatingMessengersUITests" */ = {
			isa = XCConfigurationList;
			buildConfigurations = (
				720C27932363001C00BBE05B /* Debug */,
				720C27942363001C00BBE05B /* Release */,
			);
			defaultConfigurationIsVisible = 0;
			defaultConfigurationName = Release;
		};
/* End XCConfigurationList section */
	};
	rootObject = 720C275A2363001700BBE05B /* Project object */;
}
